
Microsoft Visual Studio Solution File, Format Version 12.00
# Visual Studio 15
VisualStudioVersion = 15.0.28307.271
MinimumVisualStudioVersion = 10.0.40219.1
Project("{FAE04EC0-301F-11D3-BF4B-00C04F79EFBC}") = "cl2ui", "DesktopApp1\cl2ui.csproj", "{B08BBBEE-069E-41AE-AB2B-9F3D7D39A21C}"
EndProject
Global
	GlobalSection(SolutionConfigurationPlatforms) = preSolution
		Debug|Any CPU = Debug|Any CPU
		Release|Any CPU = Release|Any CPU
	EndGlobalSection
	GlobalSection(ProjectConfigurationPlatforms) = postSolution
		{B08BBBEE-069E-41AE-AB2B-9F3D7D39A21C}.Debug|Any CPU.ActiveCfg = Debug|Any CPU
		{B08BBBEE-069E-41AE-AB2B-9F3D7D39A21C}.Debug|Any CPU.Build.0 = Debug|Any CPU
		{B08BBBEE-069E-41AE-AB2B-9F3D7D39A21C}.Release|Any CPU.ActiveCfg = Release|Any CPU
		{B08BBBEE-069E-41AE-AB2B-9F3D7D39A21C}.Release|Any CPU.Build.0 = Release|Any CPU
	EndGlobalSection
	GlobalSection(SolutionProperties) = preSolution
		HideSolutionNode = FALSE
	EndGlobalSection
	GlobalSection(ExtensibilityGlobals) = postSolution
		SolutionGuid = {CBF2E3FB-4129-4DAA-A3A2-84C2D8E1BF72}
	EndGlobalSection
EndGlobal
